<?xml version="1.0" encoding="utf-8"?>
<Project ToolsVersion="4.0" xmlns="http://schemas.microsoft.com/developer/msbuild/2003">
  <ItemGroup>
    <Filter Include="Source Files">
      <UniqueIdentifier>{4FC737F1-C7A5-4376-A066-2A32D752A2FF}</UniqueIdentifier>
      <Extensions>cpp;c;cc;cxx;c++;cppm;ixx;def;odl;idl;hpj;bat;asm;asmx</Extensions>
    </Filter>
    <Filter Include="Header Files">
      <UniqueIdentifier>{93995380-89BD-4b04-88EB-625FBE52EBFB}</UniqueIdentifier>
      <Extensions>h;hh;hpp;hxx;h++;hm;inl;inc;ipp;xsd</Extensions>
    </Filter>
    <Filter Include="Resource Files">
      <UniqueIdentifier>{67DA6AB6-F800-4c08-8B7A-83BB121AAD01}</UniqueIdentifier>
      <Extensions>rc;ico;cur;bmp;dlg;rc2;rct;bin;rgs;gif;jpg;jpeg;jpe;resx;tiff;tif;png;wav;mfcribbon-ms</Extensions>
    </Filter>
    <Filter Include="Source Files\components">
      <UniqueIdentifier>{7b46b5b6-e9c6-48f9-8eeb-952089829a53}</UniqueIdentifier>
    </Filter>
    <Filter Include="Header Files\components">
      <UniqueIdentifier>{0dd0e306-ba35-4ae3-9e01-58afa8d8cdc0}</UniqueIdentifier>
    </Filter>
    <Filter Include="Header Files\assets">
      <UniqueIdentifier>{80813c79-0d82-443a-b41f-ca9e182783a9}</UniqueIdentifier>
    </Filter>
    <Filter Include="Source Files\assets">
      <UniqueIdentifier>{1d28bce3-70a1-4820-beda-24fe1577b309}</UniqueIdentifier>
    </Filter>
    <Filter Include="gl3w">
      <UniqueIdentifier>{d5d77ff9-01f3-446b-b7cb-f2525fcdba2f}</UniqueIdentifier>
    </Filter>
    <Filter Include="imgui">
      <UniqueIdentifier>{82106dd7-d01f-44d7-ab3d-70ba790cee69}</UniqueIdentifier>
    </Filter>
    <Filter Include="imgui_imp">
      <UniqueIdentifier>{0558308d-65f9-4888-9a2b-7d55020426e5}</UniqueIdentifier>
    </Filter>
  </ItemGroup>
  <ItemGroup>
    <ClCompile Include="main.cpp">
      <Filter>Source Files</Filter>
    </ClCompile>
    <ClCompile Include="game.cpp">
      <Filter>Source Files</Filter>
    </ClCompile>
    <ClCompile Include="world.cpp">
      <Filter>Source Files</Filter>
    </ClCompile>
    <ClCompile Include="factory.cpp">
      <Filter>Source Files</Filter>
    </ClCompile>
    <ClCompile Include="talkative.cpp">
      <Filter>Source Files\components</Filter>
    </ClCompile>
    <ClCompile Include="sprite.cpp">
      <Filter>Source Files\assets</Filter>
    </ClCompile>
    <ClCompile Include="content.cpp">
      <Filter>Source Files</Filter>
    </ClCompile>
    <ClCompile Include="animator.cpp">
      <Filter>Source Files\components</Filter>
    </ClCompile>
    <ClCompile Include="collider.cpp">
      <Filter>Source Files\components</Filter>
    </ClCompile>
    <ClCompile Include="mover.cpp">
      <Filter>Source Files\components</Filter>
    </ClCompile>
    <ClCompile Include="player.cpp">
      <Filter>Source Files\components</Filter>
    </ClCompile>
    <ClCompile Include="debugSolid.cpp">
      <Filter>Source Files\components</Filter>
    </ClCompile>
    <ClCompile Include="tileset.cpp">
      <Filter>Source Files\assets</Filter>
    </ClCompile>
    <ClCompile Include="tilemap.cpp">
      <Filter>Source Files\components</Filter>
    </ClCompile>
    <ClCompile Include="mech.cpp">
      <Filter>Source Files\components</Filter>
    </ClCompile>
    <ClCompile Include="camera.cpp">
      <Filter>Source Files</Filter>
    </ClCompile>
    <ClCompile Include="test.cpp">
      <Filter>Source Files</Filter>
    </ClCompile>
    <ClCompile Include="..\..\..\libs\imgui\examples\libs\gl3w\GL\gl3w.c">
      <Filter>gl3w</Filter>
    </ClCompile>
    <ClCompile Include="..\..\..\libs\imgui\imgui.cpp">
      <Filter>imgui</Filter>
    </ClCompile>
    <ClCompile Include="..\..\..\libs\imgui\imgui_demo.cpp">
      <Filter>imgui</Filter>
    </ClCompile>
    <ClCompile Include="..\..\..\libs\imgui\imgui_draw.cpp">
      <Filter>imgui</Filter>
    </ClCompile>
    <ClCompile Include="..\..\..\libs\imgui\imgui_tables.cpp">
      <Filter>imgui</Filter>
    </ClCompile>
    <ClCompile Include="..\..\..\libs\imgui\imgui_widgets.cpp">
      <Filter>imgui</Filter>
    </ClCompile>
    <ClCompile Include="..\..\..\libs\imgui\backends\imgui_impl_sdl.cpp">
      <Filter>imgui_imp</Filter>
    </ClCompile>
    <ClCompile Include="dear_imgui.cpp">
      <Filter>Source Files</Filter>
    </ClCompile>
    <ClCompile Include="..\..\..\libs\imgui\backends\imgui_impl_opengl3.cpp">
      <Filter>imgui_imp</Filter>
    </ClCompile>
    <ClCompile Include="button.cpp">
      <Filter>Source Files\components</Filter>
    </ClCompile>
    <ClCompile Include="signal_box.cpp">
      <Filter>Source Files\components</Filter>
    </ClCompile>
  </ItemGroup>
  <ItemGroup>
    <Library Include="..\..\..\libs\irrKlang-64bit-1.6.0\lib\Winx64-visualStudio\irrKlang.lib" />
    <Library Include="..\..\..\libs\blah2\build\Debug\blah.lib" />
  </ItemGroup>
  <ItemGroup>
    <ClInclude Include="game.h">
      <Filter>Header Files</Filter>
    </ClInclude>
    <ClInclude Include="world.h">
      <Filter>Header Files</Filter>
    </ClInclude>
    <ClInclude Include="factory.h">
      <Filter>Header Files</Filter>
    </ClInclude>
    <ClInclude Include="talkative.h">
      <Filter>Header Files\components</Filter>
    </ClInclude>
    <ClInclude Include="sprite.h">
      <Filter>Header Files\assets</Filter>
    </ClInclude>
    <ClInclude Include="content.h">
      <Filter>Header Files</Filter>
    </ClInclude>
    <ClInclude Include="animator.h">
      <Filter>Header Files\components</Filter>
    </ClInclude>
    <ClInclude Include="masks.h">
      <Filter>Header Files</Filter>
    </ClInclude>
    <ClInclude Include="collider.h">
      <Filter>Header Files\components</Filter>
    </ClInclude>
    <ClInclude Include="mover.h">
      <Filter>Header Files\components</Filter>
    </ClInclude>
    <ClInclude Include="player.h">
      <Filter>Header Files\components</Filter>
    </ClInclude>
    <ClInclude Include="debugSolid.h">
      <Filter>Header Files\components</Filter>
    </ClInclude>
    <ClInclude Include="tileset.h">
      <Filter>Header Files\assets</Filter>
    </ClInclude>
    <ClInclude Include="json.h">
      <Filter>Header Files</Filter>
    </ClInclude>
    <ClInclude Include="tilemap.h">
      <Filter>Header Files\components</Filter>
    </ClInclude>
    <ClInclude Include="mech.h">
      <Filter>Header Files\components</Filter>
    </ClInclude>
    <ClInclude Include="camera.h">
      <Filter>Header Files</Filter>
    </ClInclude>
    <ClInclude Include="..\..\..\libs\imgui\examples\libs\gl3w\GL\gl3w.h">
      <Filter>gl3w</Filter>
    </ClInclude>
    <ClInclude Include="..\..\..\libs\imgui\examples\libs\gl3w\GL\glcorearb.h">
      <Filter>gl3w</Filter>
    </ClInclude>
    <ClInclude Include="..\..\..\libs\imgui\imconfig.h">
      <Filter>imgui</Filter>
    </ClInclude>
    <ClInclude Include="..\..\..\libs\imgui\imgui.h">
      <Filter>imgui</Filter>
    </ClInclude>
    <ClInclude Include="..\..\..\libs\imgui\imgui_internal.h">
      <Filter>imgui</Filter>
    </ClInclude>
    <ClInclude Include="..\..\..\libs\imgui\backends\imgui_impl_sdl.h">
      <Filter>imgui_imp</Filter>
    </ClInclude>
    <ClInclude Include="test.h">
      <Filter>Header Files</Filter>
    </ClInclude>
    <ClInclude Include="dear_imgui.h">
      <Filter>Header Files</Filter>
    </ClInclude>
    <ClInclude Include="..\..\..\libs\imgui\imgui_impl_opengl3.h">
      <Filter>imgui_imp</Filter>
    </ClInclude>
    <ClInclude Include="button.h">
      <Filter>Header Files\components</Filter>
    </ClInclude>
    <ClInclude Include="signal_box.h">
      <Filter>Header Files\components</Filter>
    </ClInclude>
  </ItemGroup>
  <ItemGroup>
    <Natvis Include="..\..\..\libs\imgui\misc\debuggers\imgui.natvis">
      <Filter>imgui_imp</Filter>
    </Natvis>
  </ItemGroup>
</Project>